// !$*UTF8*$!
{
	archiveVersion = 1;
	classes = {
	};
	objectVersion = 50;
	objects = {

/* Begin PBXBuildFile section */
		6F3E07E726688D3B001B6ADC /* AppDelegate.swift in Sources */ = {isa = PBXBuildFile; fileRef = 6F3E07E626688D3B001B6ADC /* AppDelegate.swift */; };
		6F3E07E926688D3B001B6ADC /* SceneDelegate.swift in Sources */ = {isa = PBXBuildFile; fileRef = 6F3E07E826688D3B001B6ADC /* SceneDelegate.swift */; };
		6F3E07EB26688D3B001B6ADC /* ViewController.swift in Sources */ = {isa = PBXBuildFile; fileRef = 6F3E07EA26688D3B001B6ADC /* ViewController.swift */; };
		6F3E07EE26688D3B001B6ADC /* Main.storyboard in Resources */ = {isa = PBXBuildFile; fileRef = 6F3E07EC26688D3B001B6ADC /* Main.storyboard */; };
		6F3E07F026688D3C001B6ADC /* Assets.xcassets in Resources */ = {isa = PBXBuildFile; fileRef = 6F3E07EF26688D3C001B6ADC /* Assets.xcassets */; };
		6F3E07F326688D3C001B6ADC /* LaunchScreen.storyboard in Resources */ = {isa = PBXBuildFile; fileRef = 6F3E07F126688D3C001B6ADC /* LaunchScreen.storyboard */; };
		6F3E07FE26688D3C001B6ADC /* I_am_RichTests.swift in Sources */ = {isa = PBXBuildFile; fileRef = 6F3E07FD26688D3C001B6ADC /* I_am_RichTests.swift */; };
		6F3E080926688D3C001B6ADC /* I_am_RichUITests.swift in Sources */ = {isa = PBXBuildFile; fileRef = 6F3E080826688D3C001B6ADC /* I_am_RichUITests.swift */; };
/* End PBXBuildFile section */

/* Begin PBXContainerItemProxy section */
		6F3E07FA26688D3C001B6ADC /* PBXContainerItemProxy */ = {
			isa = PBXContainerItemProxy;
			containerPortal = 6F3E07DB26688D3B001B6ADC /* Project object */;
			proxyType = 1;
			remoteGlobalIDString = 6F3E07E226688D3B001B6ADC;
			remoteInfo = "I am Rich";
		};
		6F3E080526688D3C001B6ADC /* PBXContainerItemProxy */ = {
			isa = PBXContainerItemProxy;
			containerPortal = 6F3E07DB26688D3B001B6ADC /* Project object */;
			proxyType = 1;
			remoteGlobalIDString = 6F3E07E226688D3B001B6ADC;
			remoteInfo = "I am Rich";
		};
/* End PBXContainerItemProxy section */

/* Begin PBXFileReference section */
		6F3E07E326688D3B001B6ADC /* I am Rich.app */ = {isa = PBXFileReference; explicitFileType = wrapper.application; includeInIndex = 0; path = "I am Rich.app"; sourceTree = BUILT_PRODUCTS_DIR; };
		6F3E07E626688D3B001B6ADC /* AppDelegate.swift */ = {isa = PBXFileReference; lastKnownFileType = sourcecode.swift; path = AppDelegate.swift; sourceTree = "<group>"; };
		6F3E07E826688D3B001B6ADC /* SceneDelegate.swift */ = {isa = PBXFileReference; lastKnownFileType = sourcecode.swift; path = SceneDelegate.swift; sourceTree = "<group>"; };
		6F3E07EA26688D3B001B6ADC /* ViewController.swift */ = {isa = PBXFileReference; lastKnownFileType = sourcecode.swift; path = ViewController.swift; sourceTree = "<group>"; };
		6F3E07ED26688D3B001B6ADC /* Base */ = {isa = PBXFileReference; lastKnownFileType = file.storyboard; name = Base; path = Base.lproj/Main.storyboard; sourceTree = "<group>"; };
		6F3E07EF26688D3C001B6ADC /* Assets.xcassets */ = {isa = PBXFileReference; lastKnownFileType = folder.assetcatalog; path = Assets.xcassets; sourceTree = "<group>"; };
		6F3E07F226688D3C001B6ADC /* Base */ = {isa = PBXFileReference; lastKnownFileType = file.storyboard; name = Base; path = Base.lproj/LaunchScreen.storyboard; sourceTree = "<group>"; };
		6F3E07F426688D3C001B6ADC /* Info.plist */ = {isa = PBXFileReference; lastKnownFileType = text.plist.xml; path = Info.plist; sourceTree = "<group>"; };
		6F3E07F926688D3C001B6ADC /* I am RichTests.xctest */ = {isa = PBXFileReference; explicitFileType = wrapper.cfbundle; includeInIndex = 0; path = "I am RichTests.xctest"; sourceTree = BUILT_PRODUCTS_DIR; };
		6F3E07FD26688D3C001B6ADC /* I_am_RichTests.swift */ = {isa = PBXFileReference; lastKnownFileType = sourcecode.swift; path = I_am_RichTests.swift; sourceTree = "<group>"; };
		6F3E07FF26688D3C001B6ADC /* Info.plist */ = {isa = PBXFileReference; lastKnownFileType = text.plist.xml; path = Info.plist; sourceTree = "<group>"; };
		6F3E080426688D3C001B6ADC /* I am RichUITests.xctest */ = {isa = PBXFileReference; explicitFileType = wrapper.cfbundle; includeInIndex = 0; path = "I am RichUITests.xctest"; sourceTree = BUILT_PRODUCTS_DIR; };
		6F3E080826688D3C001B6ADC /* I_am_RichUITests.swift */ = {isa = PBXFileReference; lastKnownFileType = sourcecode.swift; path = I_am_RichUITests.swift; sourceTree = "<group>"; };
		6F3E080A26688D3C001B6ADC /* Info.plist */ = {isa = PBXFileReference; lastKnownFileType = text.plist.xml; path = Info.plist; sourceTree = "<group>"; };
/* End PBXFileReference section */

/* Begin PBXFrameworksBuildPhase section */
		6F3E07E026688D3B001B6ADC /* Frameworks */ = {
			isa = PBXFrameworksBuildPhase;
			buildActionMask = 2147483647;
			files = (
			);
			runOnlyForDeploymentPostprocessing = 0;
		};
		6F3E07F626688D3C001B6ADC /* Frameworks */ = {
			isa = PBXFrameworksBuildPhase;
			buildActionMask = 2147483647;
			files = (
			);
			runOnlyForDeploymentPostprocessing = 0;
		};
		6F3E080126688D3C001B6ADC /* Frameworks */ = {
			isa = PBXFrameworksBuildPhase;
			buildActionMask = 2147483647;
			files = (
			);
			runOnlyForDeploymentPostprocessing = 0;
		};
/* End PBXFrameworksBuildPhase section */

/* Begin PBXGroup section */
		6F3E07DA26688D3B001B6ADC = {
			isa = PBXGroup;
			children = (
				6F3E07E526688D3B001B6ADC /* I am Rich */,
				6F3E07FC26688D3C001B6ADC /* I am RichTests */,
				6F3E080726688D3C001B6ADC /* I am RichUITests */,
				6F3E07E426688D3B001B6ADC /* Products */,
			);
			sourceTree = "<group>";
		};
		6F3E07E426688D3B001B6ADC /* Products */ = {
			isa = PBXGroup;
			children = (
				6F3E07E326688D3B001B6ADC /* I am Rich.app */,
				6F3E07F926688D3C001B6ADC /* I am RichTests.xctest */,
				6F3E080426688D3C001B6ADC /* I am RichUITests.xctest */,
			);
			name = Products;
			sourceTree = "<group>";
		};
		6F3E07E526688D3B001B6ADC /* I am Rich */ = {
			isa = PBXGroup;
			children = (
				6F3E07E626688D3B001B6ADC /* AppDelegate.swift */,
				6F3E07E826688D3B001B6ADC /* SceneDelegate.swift */,
				6F3E07EA26688D3B001B6ADC /* ViewController.swift */,
				6F3E07EC26688D3B001B6ADC /* Main.storyboard */,
				6F3E07EF26688D3C001B6ADC /* Assets.xcassets */,
				6F3E07F126688D3C001B6ADC /* LaunchScreen.storyboard */,
				6F3E07F426688D3C001B6ADC /* Info.plist */,
			);
			path = "I am Rich";
			sourceTree = "<group>";
		};
		6F3E07FC26688D3C001B6ADC /* I am RichTests */ = {
			isa = PBXGroup;
			children = (
				6F3E07FD26688D3C001B6ADC /* I_am_RichTests.swift */,
				6F3E07FF26688D3C001B6ADC /* Info.plist */,
			);
			path = "I am RichTests";
			sourceTree = "<group>";
		};
		6F3E080726688D3C001B6ADC /* I am RichUITests */ = {
			isa = PBXGroup;
			children = (
				6F3E080826688D3C001B6ADC /* I_am_RichUITests.swift */,
				6F3E080A26688D3C001B6ADC /* Info.plist */,
			);
			path = "I am RichUITests";
			sourceTree = "<group>";
		};
/* End PBXGroup section */

/* Begin PBXNativeTarget section */
		6F3E07E226688D3B001B6ADC /* I am Rich */ = {
			isa = PBXNativeTarget;
			buildConfigurationList = 6F3E080D26688D3C001B6ADC /* Build configuration list for PBXNativeTarget "I am Rich" */;
			buildPhases = (
				6F3E07DF26688D3B001B6ADC /* Sources */,
				6F3E07E026688D3B001B6ADC /* Frameworks */,
				6F3E07E126688D3B001B6ADC /* Resources */,
			);
			buildRules = (
			);
			dependencies = (
			);
			name = "I am Rich";
			productName = "I am Rich";
			productReference = 6F3E07E326688D3B001B6ADC /* I am Rich.app */;
			productType = "com.apple.product-type.application";
		};
		6F3E07F826688D3C001B6ADC /* I am RichTests */ = {
			isa = PBXNativeTarget;
			buildConfigurationList = 6F3E081026688D3C001B6ADC /* Build configuration list for PBXNativeTarget "I am RichTests" */;
			buildPhases = (
				6F3E07F526688D3C001B6ADC /* Sources */,
				6F3E07F626688D3C001B6ADC /* Frameworks */,
				6F3E07F726688D3C001B6ADC /* Resources */,
			);
			buildRules = (
			);
			dependencies = (
				6F3E07FB26688D3C001B6ADC /* PBXTargetDependency */,
			);
			name = "I am RichTests";
			productName = "I am RichTests";
			productReference = 6F3E07F926688D3C001B6ADC /* I am RichTests.xctest */;
			productType = "com.apple.product-type.bundle.unit-test";
		};
		6F3E080326688D3C001B6ADC /* I am RichUITests */ = {
			isa = PBXNativeTarget;
			buildConfigurationList = 6F3E081326688D3C001B6ADC /* Build configuration list for PBXNativeTarget "I am RichUITests" */;
			buildPhases = (
				6F3E080026688D3C001B6ADC /* Sources */,
				6F3E080126688D3C001B6ADC /* Frameworks */,
				6F3E080226688D3C001B6ADC /* Resources */,
			);
			buildRules = (
			);
			dependencies = (
				6F3E080626688D3C001B6ADC /* PBXTargetDependency */,
			);
			name = "I am RichUITests";
			productName = "I am RichUITests";
			productReference = 6F3E080426688D3C001B6ADC /* I am RichUITests.xctest */;
			productType = "com.apple.product-type.bundle.ui-testing";
		};
/* End PBXNativeTarget section */

/* Begin PBXProject section */
		6F3E07DB26688D3B001B6ADC /* Project object */ = {
			isa = PBXProject;
			attributes = {
				LastSwiftUpdateCheck = 1250;
				LastUpgradeCheck = 1250;
				TargetAttributes = {
					6F3E07E226688D3B001B6ADC = {
						CreatedOnToolsVersion = 12.5;
					};
					6F3E07F826688D3C001B6ADC = {
						CreatedOnToolsVersion = 12.5;
						TestTargetID = 6F3E07E226688D3B001B6ADC;
					};
					6F3E080326688D3C001B6ADC = {
						CreatedOnToolsVersion = 12.5;
						TestTargetID = 6F3E07E226688D3B001B6ADC;
					};
				};
			};
			buildConfigurationList = 6F3E07DE26688D3B001B6ADC /* Build configuration list for PBXProject "I am Rich" */;
			compatibilityVersion = "Xcode 9.3";
			developmentRegion = en;
			hasScannedForEncodings = 0;
			knownRegions = (
				en,
				Base,
			);
			mainGroup = 6F3E07DA26688D3B001B6ADC;
			productRefGroup = 6F3E07E426688D3B001B6ADC /* Products */;
			projectDirPath = "";
			projectRoot = "";
			targets = (
				6F3E07E226688D3B001B6ADC /* I am Rich */,
				6F3E07F826688D3C001B6ADC /* I am RichTests */,
				6F3E080326688D3C001B6ADC /* I am RichUITests */,
			);
		};
/* End PBXProject section */

/* Begin PBXResourcesBuildPhase section */
		6F3E07E126688D3B001B6ADC /* Resources */ = {
			isa = PBXResourcesBuildPhase;
			buildActionMask = 2147483647;
			files = (
				6F3E07F326688D3C001B6ADC /* LaunchScreen.storyboard in Resources */,
				6F3E07F026688D3C001B6ADC /* Assets.xcassets in Resources */,
				6F3E07EE26688D3B001B6ADC /* Main.storyboard in Resources */,
			);
			runOnlyForDeploymentPostprocessing = 0;
		};
		6F3E07F726688D3C001B6ADC /* Resources */ = {
			isa = PBXResourcesBuildPhase;
			buildActionMask = 2147483647;
			files = (
			);
			runOnlyForDeploymentPostprocessing = 0;
		};
		6F3E080226688D3C001B6ADC /* Resources */ = {
			isa = PBXResourcesBuildPhase;
			buildActionMask = 2147483647;
			files = (
			);
			runOnlyForDeploymentPostprocessing = 0;
		};
/* End PBXResourcesBuildPhase section */

/* Begin PBXSourcesBuildPhase section */
		6F3E07DF26688D3B001B6ADC /* Sources */ = {
			isa = PBXSourcesBuildPhase;
			buildActionMask = 2147483647;
			files = (
				6F3E07EB26688D3B001B6ADC /* ViewController.swift in Sources */,
				6F3E07E726688D3B001B6ADC /* AppDelegate.swift in Sources */,
				6F3E07E926688D3B001B6ADC /* SceneDelegate.swift in Sources */,
			);
			runOnlyForDeploymentPostprocessing = 0;
		};
		6F3E07F526688D3C001B6ADC /* Sources */ = {
			isa = PBXSourcesBuildPhase;
			buildActionMask = 2147483647;
			files = (
				6F3E07FE26688D3C001B6ADC /* I_am_RichTests.swift in Sources */,
			);
			runOnlyForDeploymentPostprocessing = 0;
		};
		6F3E080026688D3C001B6ADC /* Sources */ = {
			isa = PBXSourcesBuildPhase;
			buildActionMask = 2147483647;
			files = (
				6F3E080926688D3C001B6ADC /* I_am_RichUITests.swift in Sources */,
			);
			runOnlyForDeploymentPostprocessing = 0;
		};
/* End PBXSourcesBuildPhase section */

/* Begin PBXTargetDependency section */
		6F3E07FB26688D3C001B6ADC /* PBXTargetDependency */ = {
			isa = PBXTargetDependency;
			target = 6F3E07E226688D3B001B6ADC /* I am Rich */;
			targetProxy = 6F3E07FA26688D3C001B6ADC /* PBXContainerItemProxy */;
		};
		6F3E080626688D3C001B6ADC /* PBXTargetDependency */ = {
			isa = PBXTargetDependency;
			target = 6F3E07E226688D3B001B6ADC /* I am Rich */;
			targetProxy = 6F3E080526688D3C001B6ADC /* PBXContainerItemProxy */;
		};
/* End PBXTargetDependency section */

/* Begin PBXVariantGroup section */
		6F3E07EC26688D3B001B6ADC /* Main.storyboard */ = {
			isa = PBXVariantGroup;
			children = (
				6F3E07ED26688D3B001B6ADC /* Base */,
			);
			name = Main.storyboard;
			sourceTree = "<group>";
		};
		6F3E07F126688D3C001B6ADC /* LaunchScreen.storyboard */ = {
			isa = PBXVariantGroup;
			children = (
				6F3E07F226688D3C001B6ADC /* Base */,
			);
			name = LaunchScreen.storyboard;
			sourceTree = "<group>";
		};
/* End PBXVariantGroup section */

/* Begin XCBuildConfiguration section */
		6F3E080B26688D3C001B6ADC /* Debug */ = {
			isa = XCBuildConfiguration;
			buildSettings = {
				ALWAYS_SEARCH_USER_PATHS = NO;
				CLANG_ANALYZER_NONNULL = YES;
				CLANG_ANALYZER_NUMBER_OBJECT_CONVERSION = YES_AGGRESSIVE;
				CLANG_CXX_LANGUAGE_STANDARD = "gnu++14";
				CLANG_CXX_LIBRARY = "libc++";
				CLANG_ENABLE_MODULES = YES;
				CLANG_ENABLE_OBJC_ARC = YES;
				CLANG_ENABLE_OBJC_WEAK = YES;
				CLANG_WARN_BLOCK_CAPTURE_AUTORELEASING = YES;
				CLANG_WARN_BOOL_CONVERSION = YES;
				CLANG_WARN_COMMA = YES;
				CLANG_WARN_CONSTANT_CONVERSION = YES;
				CLANG_WARN_DEPRECATED_OBJC_IMPLEMENTATIONS = YES;
				CLANG_WARN_DIRECT_OBJC_ISA_USAGE = YES_ERROR;
				CLANG_WARN_DOCUMENTATION_COMMENTS = YES;
				CLANG_WARN_EMPTY_BODY = YES;
				CLANG_WARN_ENUM_CONVERSION = YES;
				CLANG_WARN_INFINITE_RECURSION = YES;
				CLANG_WARN_INT_CONVERSION = YES;
				CLANG_WARN_NON_LITERAL_NULL_CONVERSION = YES;
				CLANG_WARN_OBJC_IMPLICIT_RETAIN_SELF = YES;
				CLANG_WARN_OBJC_LITERAL_CONVERSION = YES;
				CLANG_WARN_OBJC_ROOT_CLASS = YES_ERROR;
				CLANG_WARN_QUOTED_INCLUDE_IN_FRAMEWORK_HEADER = YES;
				CLANG_WARN_RANGE_LOOP_ANALYSIS = YES;
				CLANG_WARN_STRICT_PROTOTYPES = YES;
				CLANG_WARN_SUSPICIOUS_MOVE = YES;
				CLANG_WARN_UNGUARDED_AVAILABILITY = YES_AGGRESSIVE;
				CLANG_WARN_UNREACHABLE_CODE = YES;
				CLANG_WARN__DUPLICATE_METHOD_MATCH = YES;
				COPY_PHASE_STRIP = NO;
				DEBUG_INFORMATION_FORMAT = dwarf;
				ENABLE_STRICT_OBJC_MSGSEND = YES;
				ENABLE_TESTABILITY = YES;
				GCC_C_LANGUAGE_STANDARD = gnu11;
				GCC_DYNAMIC_NO_PIC = NO;
				GCC_NO_COMMON_BLOCKS = YES;
				GCC_OPTIMIZATION_LEVEL = 0;
				GCC_PREPROCESSOR_DEFINITIONS = (
					"DEBUG=1",
					"$(inherited)",
				);
				GCC_WARN_64_TO_32_BIT_CONVERSION = YES;
				GCC_WARN_ABOUT_RETURN_TYPE = YES_ERROR;
				GCC_WARN_UNDECLARED_SELECTOR = YES;
				GCC_WARN_UNINITIALIZED_AUTOS = YES_AGGRESSIVE;
				GCC_WARN_UNUSED_FUNCTION = YES;
				GCC_WARN_UNUSED_VARIABLE = YES;
				IPHONEOS_DEPLOYMENT_TARGET = 14.5;
				MTL_ENABLE_DEBUG_INFO = INCLUDE_SOURCE;
				MTL_FAST_MATH = YES;
				ONLY_ACTIVE_ARCH = YES;
				SDKROOT = iphoneos;
				SWIFT_ACTIVE_COMPILATION_CONDITIONS = DEBUG;
				SWIFT_OPTIMIZATION_LEVEL = "-Onone";
			};
			name = Debug;
		};
		6F3E080C26688D3C001B6ADC /* Release */ = {
			isa = XCBuildConfiguration;
			buildSettings = {
				ALWAYS_SEARCH_USER_PATHS = NO;
				CLANG_ANALYZER_NONNULL = YES;
				CLANG_ANALYZER_NUMBER_OBJECT_CONVERSION = YES_AGGRESSIVE;
				CLANG_CXX_LANGUAGE_STANDARD = "gnu++14";
				CLANG_CXX_LIBRARY = "libc++";
				CLANG_ENABLE_MODULES = YES;
				CLANG_ENABLE_OBJC_ARC = YES;
				CLANG_ENABLE_OBJC_WEAK = YES;
				CLANG_WARN_BLOCK_CAPTURE_AUTORELEASING = YES;
				CLANG_WARN_BOOL_CONVERSION = YES;
				CLANG_WARN_COMMA = YES;
				CLANG_WARN_CONSTANT_CONVERSION = YES;
				CLANG_WARN_DEPRECATED_OBJC_IMPLEMENTATIONS = YES;
				CLANG_WARN_DIRECT_OBJC_ISA_USAGE = YES_ERROR;
				CLANG_WARN_DOCUMENTATION_COMMENTS = YES;
				CLANG_WARN_EMPTY_BODY = YES;
				CLANG_WARN_ENUM_CONVERSION = YES;
				CLANG_WARN_INFINITE_RECURSION = YES;
				CLANG_WARN_INT_CONVERSION = YES;
				CLANG_WARN_NON_LITERAL_NULL_CONVERSION = YES;
				CLANG_WARN_OBJC_IMPLICIT_RETAIN_SELF = YES;
				CLANG_WARN_OBJC_LITERAL_CONVERSION = YES;
				CLANG_WARN_OBJC_ROOT_CLASS = YES_ERROR;
				CLANG_WARN_QUOTED_INCLUDE_IN_FRAMEWORK_HEADER = YES;
				CLANG_WARN_RANGE_LOOP_ANALYSIS = YES;
				CLANG_WARN_STRICT_PROTOTYPES = YES;
				CLANG_WARN_SUSPICIOUS_MOVE = YES;
				CLANG_WARN_UNGUARDED_AVAILABILITY = YES_AGGRESSIVE;
				CLANG_WARN_UNREACHABLE_CODE = YES;
				CLANG_WARN__DUPLICATE_METHOD_MATCH = YES;
				COPY_PHASE_STRIP = NO;
				DEBUG_INFORMATION_FORMAT = "dwarf-with-dsym";
				ENABLE_NS_ASSERTIONS = NO;
				ENABLE_STRICT_OBJC_MSGSEND = YES;
				GCC_C_LANGUAGE_STANDARD = gnu11;
				GCC_NO_COMMON_BLOCKS = YES;
				GCC_WARN_64_TO_32_BIT_CONVERSION = YES;
				GCC_WARN_ABOUT_RETURN_TYPE = YES_ERROR;
				GCC_WARN_UNDECLARED_SELECTOR = YES;
				GCC_WARN_UNINITIALIZED_AUTOS = YES_AGGRESSIVE;
				GCC_WARN_UNUSED_FUNCTION = YES;
				GCC_WARN_UNUSED_VARIABLE = YES;
				IPHONEOS_DEPLOYMENT_TARGET = 14.5;
				MTL_ENABLE_DEBUG_INFO = NO;
				MTL_FAST_MATH = YES;
				SDKROOT = iphoneos;
				SWIFT_COMPILATION_MODE = wholemodule;
				SWIFT_OPTIMIZATION_LEVEL = "-O";
				VALIDATE_PRODUCT = YES;
			};
			name = Release;
		};
		6F3E080E26688D3C001B6ADC /* Debug */ = {
			isa = XCBuildConfiguration;
			buildSettings = {
				ASSETCATALOG_COMPILER_APPICON_NAME = AppIcon;
				ASSETCATALOG_COMPILER_GLOBAL_ACCENT_COLOR_NAME = AccentColor;
				CODE_SIGN_STYLE = Automatic;
				DEVELOPMENT_TEAM = UCD8652P2Z;
				INFOPLIST_FILE = "I am Rich/Info.plist";
				LD_RUNPATH_SEARCH_PATHS = (
					"$(inherited)",
					"@executable_path/Frameworks",
				);
				PRODUCT_BUNDLE_IDENTIFIER = "com.ismailosman.I-am-Rich";
				PRODUCT_NAME = "$(TARGET_NAME)";
				SWIFT_VERSION = 5.0;
				TARGETED_DEVICE_FAMILY = "1,2";
			};
			name = Debug;
		};
		6F3E080F26688D3C001B6ADC /* Release */ = {
			isa = XCBuildConfiguration;
			buildSettings = {
				ASSETCATALOG_COMPILER_APPICON_NAME = AppIcon;
				ASSETCATALOG_COMPILER_GLOBAL_ACCENT_COLOR_NAME = AccentColor;
				CODE_SIGN_STYLE = Automatic;
				DEVELOPMENT_TEAM = UCD8652P2Z;
				INFOPLIST_FILE = "I am Rich/Info.plist";
				LD_RUNPATH_SEARCH_PATHS = (
					"$(inherited)",
					"@executable_path/Frameworks",
				);
				PRODUCT_BUNDLE_IDENTIFIER = "com.ismailosman.I-am-Rich";
				PRODUCT_NAME = "$(TARGET_NAME)";
				SWIFT_VERSION = 5.0;
				TARGETED_DEVICE_FAMILY = "1,2";
			};
			name = Release;
		};
		6F3E081126688D3C001B6ADC /* Debug */ = {
			isa = XCBuildConfiguration;
			buildSettings = {
				ALWAYS_EMBED_SWIFT_STANDARD_LIBRARIES = YES;
				BUNDLE_LOADER = "$(TEST_HOST)";
				CODE_SIGN_STYLE = Automatic;
				DEVELOPMENT_TEAM = UCD8652P2Z;
				INFOPLIST_FILE = "I am RichTests/Info.plist";
				IPHONEOS_DEPLOYMENT_TARGET = 14.5;
				LD_RUNPATH_SEARCH_PATHS = (
					"$(inherited)",
					"@executable_path/Frameworks",
					"@loader_path/Frameworks",
				);
				PRODUCT_BUNDLE_IDENTIFIER = "com.ismailosman.I-am-RichTests";
				PRODUCT_NAME = "$(TARGET_NAME)";
				SWIFT_VERSION = 5.0;
				TARGETED_DEVICE_FAMILY = "1,2";
				TEST_HOST = "$(BUILT_PRODUCTS_DIR)/I am Rich.app/I am Rich";
			};
			name = Debug;
		};
		6F3E081226688D3C001B6ADC /* Release */ = {
			isa = XCBuildConfiguration;
			buildSettings = {
				ALWAYS_EMBED_SWIFT_STANDARD_LIBRARIES = YES;
				BUNDLE_LOADER = "$(TEST_HOST)";
				CODE_SIGN_STYLE = Automatic;
				DEVELOPMENT_TEAM = UCD8652P2Z;
				INFOPLIST_FILE = "I am RichTests/Info.plist";
				IPHONEOS_DEPLOYMENT_TARGET = 14.5;
				LD_RUNPATH_SEARCH_PATHS = (
					"$(inherited)",
					"@executable_path/Frameworks",
					"@loader_path/Frameworks",
				);
				PRODUCT_BUNDLE_IDENTIFIER = "com.ismailosman.I-am-RichTests";
				PRODUCT_NAME = "$(TARGET_NAME)";
				SWIFT_VERSION = 5.0;
				TARGETED_DEVICE_FAMILY = "1,2";
				TEST_HOST = "$(BUILT_PRODUCTS_DIR)/I am Rich.app/I am Rich";
			};
			name = Release;
		};
		6F3E081426688D3C001B6ADC /* Debug */ = {
			isa = XCBuildConfiguration;
			buildSettings = {
				ALWAYS_EMBED_SWIFT_STANDARD_LIBRARIES = YES;
				CODE_SIGN_STYLE = Automatic;
				DEVELOPMENT_TEAM = UCD8652P2Z;
				INFOPLIST_FILE = "I am RichUITests/Info.plist";
				LD_RUNPATH_SEARCH_PATHS = (
					"$(inherited)",
					"@executable_path/Frameworks",
					"@loader_path/Frameworks",
				);
				PRODUCT_BUNDLE_IDENTIFIER = "com.ismailosman.I-am-RichUITests";
				PRODUCT_NAME = "$(TARGET_NAME)";
				SWIFT_VERSION = 5.0;
				TARGETED_DEVICE_FAMILY = "1,2";
				TEST_TARGET_NAME = "I am Rich";
			};
			name = Debug;
		};
		6F3E081526688D3C001B6ADC /* Release */ = {
			isa = XCBuildConfiguration;
			buildSettings = {
				ALWAYS_EMBED_SWIFT_STANDARD_LIBRARIES = YES;
				CODE_SIGN_STYLE = Automatic;
				DEVELOPMENT_TEAM = UCD8652P2Z;
				INFOPLIST_FILE = "I am RichUITests/Info.plist";
				LD_RUNPATH_SEARCH_PATHS = (
					"$(inherited)",
					"@executable_path/Frameworks",
					"@loader_path/Frameworks",
				);
				PRODUCT_BUNDLE_IDENTIFIER = "com.ismailosman.I-am-RichUITests";
				PRODUCT_NAME = "$(TARGET_NAME)";
				SWIFT_VERSION = 5.0;
				TARGETED_DEVICE_FAMILY = "1,2";
				TEST_TARGET_NAME = "I am Rich";
			};
			name = Release;
		};
/* End XCBuildConfiguration section */

/* Begin XCConfigurationList section */
		6F3E07DE26688D3B001B6ADC /* Build configuration list for PBXProject "I am Rich" */ = {
			isa = XCConfigurationList;
			buildConfigurations = (
				6F3E080B26688D3C001B6ADC /* Debug */,
				6F3E080C26688D3C001B6ADC /* Release */,
			);
			defaultConfigurationIsVisible = 0;
			defaultConfigurationName = Release;
		};
		6F3E080D26688D3C001B6ADC /* Build configuration list for PBXNativeTarget "I am Rich" */ = {
			isa = XCConfigurationList;
			buildConfigurations = (
				6F3E080E26688D3C001B6ADC /* Debug */,
				6F3E080F26688D3C001B6ADC /* Release */,
			);
			defaultConfigurationIsVisible = 0;
			defaultConfigurationName = Release;
		};
		6F3E081026688D3C001B6ADC /* Build configuration list for PBXNativeTarget "I am RichTests" */ = {
			isa = XCConfigurationList;
			buildConfigurations = (
				6F3E081126688D3C001B6ADC /* Debug */,
				6F3E081226688D3C001B6ADC /* Release */,
			);
			defaultConfigurationIsVisible = 0;
			defaultConfigurationName = Release;
		};
		6F3E081326688D3C001B6ADC /* Build configuration list for PBXNativeTarget "I am RichUITests" */ = {
			isa = XCConfigurationList;
			buildConfigurations = (
				6F3E081426688D3C001B6ADC /* Debug */,
				6F3E081526688D3C001B6ADC /* Release */,
			);
			defaultConfigurationIsVisible = 0;
			defaultConfigurationName = Release;
		};
/* End XCConfigurationList section */
	};
	rootObject = 6F3E07DB26688D3B001B6ADC /* Project object */;
}
